// !$*UTF8*$!
{
	archiveVersion = 1;
	classes = {
	};
	objectVersion = 56;
	objects = {

/* Begin PBXBuildFile section */
		7D2B7C8A2C7A4F5100010001 /* MyGourmetRankingApp.swift in Sources */ = {isa = PBXBuildFile; fileRef = 7D2B7C8A2C7A4F5100010011 /* MyGourmetRankingApp.swift */; };
		7D2B7C8A2C7A4F5100010002 /* Models.swift in Sources */ = {isa = PBXBuildFile; fileRef = 7D2B7C8A2C7A4F5100010012 /* Models.swift */; };
		7D2B7C8A2C7A4F5100010003 /* InitialGenres.swift in Sources */ = {isa = PBXBuildFile; fileRef = 7D2B7C8A2C7A4F5100010013 /* InitialGenres.swift */; };
		7D2B7C8A2C7A4F5100010004 /* RankingEngine.swift in Sources */ = {isa = PBXBuildFile; fileRef = 7D2B7C8A2C7A4F5100010014 /* RankingEngine.swift */; };
		7D2B7C8A2C7A4F5100010005 /* GourmetDataStore.swift in Sources */ = {isa = PBXBuildFile; fileRef = 7D2B7C8A2C7A4F5100010015 /* GourmetDataStore.swift */; };
		7D2B7C8A2C7A4F5100010006 /* Views.swift in Sources */ = {isa = PBXBuildFile; fileRef = 7D2B7C8A2C7A4F5100010016 /* Views.swift */; };
		7D2B7C8A2C7A4F5100010007 /* Assets.xcassets in Resources */ = {isa = PBXBuildFile; fileRef = 7D2B7C8A2C7A4F5100010017 /* Assets.xcassets */; };
		7D2B7C8A2C7A4F5100010008 /* ImageStorage.swift in Sources */ = {isa = PBXBuildFile; fileRef = 7D2B7C8A2C7A4F5100010018 /* ImageStorage.swift */; };
		7D2B7C8A2C7A4F5100010009 /* LocationManager.swift in Sources */ = {isa = PBXBuildFile; fileRef = 7D2B7C8A2C7A4F5100010019 /* LocationManager.swift */; };
/* End PBXBuildFile section */

/* Begin PBXFileReference section */
		7D2B7C8A2C7A4F5100010010 /* MyGourmetRanking.app */ = {isa = PBXFileReference; explicitFileType = wrapper.application; includeInIndex = 0; path = MyGourmetRanking.app; sourceTree = BUILT_PRODUCTS_DIR; };
		7D2B7C8A2C7A4F5100010011 /* MyGourmetRankingApp.swift */ = {isa = PBXFileReference; lastKnownFileType = sourcecode.swift; path = MyGourmetRankingApp.swift; sourceTree = "<group>"; };
		7D2B7C8A2C7A4F5100010012 /* Models.swift */ = {isa = PBXFileReference; lastKnownFileType = sourcecode.swift; path = Models.swift; sourceTree = "<group>"; };
		7D2B7C8A2C7A4F5100010013 /* InitialGenres.swift */ = {isa = PBXFileReference; lastKnownFileType = sourcecode.swift; path = InitialGenres.swift; sourceTree = "<group>"; };
		7D2B7C8A2C7A4F5100010014 /* RankingEngine.swift */ = {isa = PBXFileReference; lastKnownFileType = sourcecode.swift; path = RankingEngine.swift; sourceTree = "<group>"; };
		7D2B7C8A2C7A4F5100010015 /* GourmetDataStore.swift */ = {isa = PBXFileReference; lastKnownFileType = sourcecode.swift; path = GourmetDataStore.swift; sourceTree = "<group>"; };
		7D2B7C8A2C7A4F5100010016 /* Views.swift */ = {isa = PBXFileReference; lastKnownFileType = sourcecode.swift; path = Views.swift; sourceTree = "<group>"; };
		7D2B7C8A2C7A4F5100010017 /* Assets.xcassets */ = {isa = PBXFileReference; lastKnownFileType = folder.assetcatalog; path = Assets.xcassets; sourceTree = "<group>"; };
		7D2B7C8A2C7A4F5100010018 /* ImageStorage.swift */ = {isa = PBXFileReference; lastKnownFileType = sourcecode.swift; path = ImageStorage.swift; sourceTree = "<group>"; };
		7D2B7C8A2C7A4F5100010019 /* LocationManager.swift */ = {isa = PBXFileReference; lastKnownFileType = sourcecode.swift; path = LocationManager.swift; sourceTree = "<group>"; };
/* End PBXFileReference section */

/* Begin PBXFrameworksBuildPhase section */
		7D2B7C8A2C7A4F5100010020 /* Frameworks */ = {
			isa = PBXFrameworksBuildPhase;
			buildActionMask = 2147483647;
			files = (
			);
			runOnlyForDeploymentPostprocessing = 0;
		};
/* End PBXFrameworksBuildPhase section */

/* Begin PBXGroup section */
		7D2B7C8A2C7A4F5100010030 = {
			isa = PBXGroup;
			children = (
				7D2B7C8A2C7A4F5100010031 /* MyGourmetRanking */,
				7D2B7C8A2C7A4F5100010032 /* Products */,
			);
			sourceTree = "<group>";
		};
		7D2B7C8A2C7A4F5100010031 /* MyGourmetRanking */ = {
			isa = PBXGroup;
			children = (
				7D2B7C8A2C7A4F5100010011 /* MyGourmetRankingApp.swift */,
				7D2B7C8A2C7A4F5100010012 /* Models.swift */,
				7D2B7C8A2C7A4F5100010013 /* InitialGenres.swift */,
				7D2B7C8A2C7A4F5100010014 /* RankingEngine.swift */,
				7D2B7C8A2C7A4F5100010015 /* GourmetDataStore.swift */,
				7D2B7C8A2C7A4F5100010016 /* Views.swift */,
				7D2B7C8A2C7A4F5100010018 /* ImageStorage.swift */,
				7D2B7C8A2C7A4F5100010019 /* LocationManager.swift */,
				7D2B7C8A2C7A4F5100010017 /* Assets.xcassets */,
			);
			path = MyGourmetRanking;
			sourceTree = "<group>";
		};
		7D2B7C8A2C7A4F5100010032 /* Products */ = {
			isa = PBXGroup;
			children = (
				7D2B7C8A2C7A4F5100010010 /* MyGourmetRanking.app */,
			);
			name = Products;
			sourceTree = "<group>";
		};
/* End PBXGroup section */

/* Begin PBXNativeTarget section */
		7D2B7C8A2C7A4F5100010040 /* MyGourmetRanking */ = {
			isa = PBXNativeTarget;
			buildConfigurationList = 7D2B7C8A2C7A4F5100010070 /* Build configuration list for PBXNativeTarget "MyGourmetRanking" */;
			buildPhases = (
				7D2B7C8A2C7A4F5100010050 /* Sources */,
				7D2B7C8A2C7A4F5100010020 /* Frameworks */,
				7D2B7C8A2C7A4F5100010060 /* Resources */,
			);
			buildRules = (
			);
			dependencies = (
			);
			name = MyGourmetRanking;
			productName = MyGourmetRanking;
			productReference = 7D2B7C8A2C7A4F5100010010 /* MyGourmetRanking.app */;
			productType = "com.apple.product-type.application";
		};
/* End PBXNativeTarget section */

/* Begin PBXProject section */
		7D2B7C8A2C7A4F5100010080 /* Project object */ = {
			isa = PBXProject;
			attributes = {
				BuildIndependentTargetsInParallel = 1;
				LastSwiftUpdateCheck = 1630;
				LastUpgradeCheck = 1630;
				TargetAttributes = {
					7D2B7C8A2C7A4F5100010040 = {
						CreatedOnToolsVersion = 16.3;
					};
				};
			};
			buildConfigurationList = 7D2B7C8A2C7A4F5100010090 /* Build configuration list for PBXProject "MyGourmetRanking" */;
			compatibilityVersion = "Xcode 14.0";
			developmentRegion = ja;
			hasScannedForEncodings = 0;
			knownRegions = (
				ja,
				en,
				Base,
			);
			mainGroup = 7D2B7C8A2C7A4F5100010030;
			productRefGroup = 7D2B7C8A2C7A4F5100010032 /* Products */;
			projectDirPath = "";
			projectRoot = "";
			targets = (
				7D2B7C8A2C7A4F5100010040 /* MyGourmetRanking */,
			);
		};
/* End PBXProject section */

/* Begin PBXResourcesBuildPhase section */
		7D2B7C8A2C7A4F5100010060 /* Resources */ = {
			isa = PBXResourcesBuildPhase;
			buildActionMask = 2147483647;
			files = (
				7D2B7C8A2C7A4F5100010007 /* Assets.xcassets in Resources */,
			);
			runOnlyForDeploymentPostprocessing = 0;
		};
/* End PBXResourcesBuildPhase section */

/* Begin PBXSourcesBuildPhase section */
		7D2B7C8A2C7A4F5100010050 /* Sources */ = {
			isa = PBXSourcesBuildPhase;
			buildActionMask = 2147483647;
			files = (
				7D2B7C8A2C7A4F5100010001 /* MyGourmetRankingApp.swift in Sources */,
				7D2B7C8A2C7A4F5100010002 /* Models.swift in Sources */,
				7D2B7C8A2C7A4F5100010003 /* InitialGenres.swift in Sources */,
				7D2B7C8A2C7A4F5100010004 /* RankingEngine.swift in Sources */,
				7D2B7C8A2C7A4F5100010005 /* GourmetDataStore.swift in Sources */,
				7D2B7C8A2C7A4F5100010006 /* Views.swift in Sources */,
				7D2B7C8A2C7A4F5100010008 /* ImageStorage.swift in Sources */,
				7D2B7C8A2C7A4F5100010009 /* LocationManager.swift in Sources */,
			);
			runOnlyForDeploymentPostprocessing = 0;
		};
/* End PBXSourcesBuildPhase section */

/* Begin XCBuildConfiguration section */
		7D2B7C8A2C7A4F51000100A0 /* Debug */ = {
			isa = XCBuildConfiguration;
			buildSettings = {
				ALWAYS_SEARCH_USER_PATHS = NO;
				CLANG_ANALYZER_NONNULL = YES;
				CLANG_ANALYZER_NUMBER_OBJECT_CONVERSION = YES_AGGRESSIVE;
				CLANG_CXX_LANGUAGE_STANDARD = "gnu++20";
				CLANG_ENABLE_MODULES = YES;
				CLANG_ENABLE_OBJC_ARC = YES;
				CLANG_ENABLE_OBJC_WEAK = YES;
				CLANG_WARN_BLOCK_CAPTURE_AUTORELEASING = YES;
				CLANG_WARN_BOOL_CONVERSION = YES;
				CLANG_WARN_COMMA = YES;
				CLANG_WARN_CONSTANT_CONVERSION = YES;
				CLANG_WARN_DEPRECATED_OBJC_IMPLEMENTATIONS = YES;
				CLANG_WARN_DIRECT_OBJC_ISA_USAGE = YES_ERROR;
				CLANG_WARN_DOCUMENTATION_COMMENTS = YES;
				CLANG_WARN_EMPTY_BODY = YES;
				CLANG_WARN_ENUM_CONVERSION = YES;
				CLANG_WARN_INFINITE_RECURSION = YES;
				CLANG_WARN_INT_CONVERSION = YES;
				CLANG_WARN_NON_LITERAL_NULL_CONVERSION = YES;
				CLANG_WARN_OBJC_IMPLICIT_RETAIN_SELF = YES;
				CLANG_WARN_OBJC_LITERAL_CONVERSION = YES;
				CLANG_WARN_OBJC_ROOT_CLASS = YES_ERROR;
				CLANG_WARN_QUOTED_INCLUDE_IN_FRAMEWORK_HEADER = YES;
				CLANG_WARN_RANGE_LOOP_ANALYSIS = YES;
				CLANG_WARN_STRICT_PROTOTYPES = YES;
				CLANG_WARN_SUSPICIOUS_MOVE = YES;
				CLANG_WARN_UNGUARDED_AVAILABILITY = YES_AGGRESSIVE;
				CLANG_WARN_UNREACHABLE_CODE = YES;
				CLANG_WARN__DUPLICATE_METHOD_MATCH = YES;
				COPY_PHASE_STRIP = NO;
				DEBUG_INFORMATION_FORMAT = dwarf;
				ENABLE_STRICT_OBJC_MSGSEND = YES;
				ENABLE_TESTABILITY = YES;
				ENABLE_USER_SCRIPT_SANDBOXING = YES;
				GCC_C_LANGUAGE_STANDARD = gnu17;
				GCC_DYNAMIC_NO_PIC = NO;
				GCC_NO_COMMON_BLOCKS = YES;
				GCC_OPTIMIZATION_LEVEL = 0;
				GCC_PREPROCESSOR_DEFINITIONS = (
					"DEBUG=1",
					"$(inherited)",
				);
				GCC_WARN_64_TO_32_BIT_CONVERSION = YES;
				GCC_WARN_ABOUT_RETURN_TYPE = YES_ERROR;
				GCC_WARN_UNDECLARED_SELECTOR = YES;
				GCC_WARN_UNINITIALIZED_AUTOS = YES_AGGRESSIVE;
				GCC_WARN_UNUSED_FUNCTION = YES;
				GCC_WARN_UNUSED_VARIABLE = YES;
				IPHONEOS_DEPLOYMENT_TARGET = 17.0;
				LOCALIZATION_PREFERS_STRING_CATALOGS = YES;
				MTL_ENABLE_DEBUG_INFO = INCLUDE_SOURCE;
				MTL_FAST_MATH = YES;
				ONLY_ACTIVE_ARCH = YES;
				SDKROOT = iphoneos;
				SWIFT_ACTIVE_COMPILATION_CONDITIONS = "DEBUG $(inherited)";
				SWIFT_OPTIMIZATION_LEVEL = "-Onone";
			};
			name = Debug;
		};
		7D2B7C8A2C7A4F51000100A1 /* Release */ = {
			isa = XCBuildConfiguration;
			buildSettings = {
				ALWAYS_SEARCH_USER_PATHS = NO;
				CLANG_ANALYZER_NONNULL = YES;
				CLANG_ANALYZER_NUMBER_OBJECT_CONVERSION = YES_AGGRESSIVE;
				CLANG_CXX_LANGUAGE_STANDARD = "gnu++20";
				CLANG_ENABLE_MODULES = YES;
				CLANG_ENABLE_OBJC_ARC = YES;
				CLANG_ENABLE_OBJC_WEAK = YES;
				CLANG_WARN_BLOCK_CAPTURE_AUTORELEASING = YES;
				CLANG_WARN_BOOL_CONVERSION = YES;
				CLANG_WARN_COMMA = YES;
				CLANG_WARN_CONSTANT_CONVERSION = YES;
				CLANG_WARN_DEPRECATED_OBJC_IMPLEMENTATIONS = YES;
				CLANG_WARN_DIRECT_OBJC_ISA_USAGE = YES_ERROR;
				CLANG_WARN_DOCUMENTATION_COMMENTS = YES;
				CLANG_WARN_EMPTY_BODY = YES;
				CLANG_WARN_ENUM_CONVERSION = YES;
				CLANG_WARN_INFINITE_RECURSION = YES;
				CLANG_WARN_INT_CONVERSION = YES;
				CLANG_WARN_NON_LITERAL_NULL_CONVERSION = YES;
				CLANG_WARN_OBJC_IMPLICIT_RETAIN_SELF = YES;
				CLANG_WARN_OBJC_LITERAL_CONVERSION = YES;
				CLANG_WARN_OBJC_ROOT_CLASS = YES_ERROR;
				CLANG_WARN_QUOTED_INCLUDE_IN_FRAMEWORK_HEADER = YES;
				CLANG_WARN_RANGE_LOOP_ANALYSIS = YES;
				CLANG_WARN_STRICT_PROTOTYPES = YES;
				CLANG_WARN_SUSPICIOUS_MOVE = YES;
				CLANG_WARN_UNGUARDED_AVAILABILITY = YES_AGGRESSIVE;
				CLANG_WARN_UNREACHABLE_CODE = YES;
				CLANG_WARN__DUPLICATE_METHOD_MATCH = YES;
				COPY_PHASE_STRIP = NO;
				DEBUG_INFORMATION_FORMAT = "dwarf-with-dsym";
				ENABLE_NS_ASSERTIONS = NO;
				ENABLE_STRICT_OBJC_MSGSEND = YES;
				ENABLE_USER_SCRIPT_SANDBOXING = YES;
				GCC_C_LANGUAGE_STANDARD = gnu17;
				GCC_NO_COMMON_BLOCKS = YES;
				GCC_WARN_64_TO_32_BIT_CONVERSION = YES;
				GCC_WARN_ABOUT_RETURN_TYPE = YES_ERROR;
				GCC_WARN_UNDECLARED_SELECTOR = YES;
				GCC_WARN_UNINITIALIZED_AUTOS = YES_AGGRESSIVE;
				GCC_WARN_UNUSED_FUNCTION = YES;
				GCC_WARN_UNUSED_VARIABLE = YES;
				IPHONEOS_DEPLOYMENT_TARGET = 17.0;
				LOCALIZATION_PREFERS_STRING_CATALOGS = YES;
				MTL_ENABLE_DEBUG_INFO = NO;
				MTL_FAST_MATH = YES;
				SDKROOT = iphoneos;
				SWIFT_COMPILATION_MODE = wholemodule;
				VALIDATE_PRODUCT = YES;
			};
			name = Release;
		};
		7D2B7C8A2C7A4F51000100B0 /* Debug */ = {
			isa = XCBuildConfiguration;
			buildSettings = {
				ASSETCATALOG_COMPILER_APPICON_NAME = AppIcon;
				ASSETCATALOG_COMPILER_GLOBAL_ACCENT_COLOR_NAME = AccentColor;
				CODE_SIGN_STYLE = Automatic;
				CURRENT_PROJECT_VERSION = 1;
				DEVELOPMENT_TEAM = NL945Q9D64;
				GENERATE_INFOPLIST_FILE = YES;
				INFOPLIST_KEY_CFBundleDisplayName = "My Gourmet Ranking";
				INFOPLIST_KEY_LSApplicationCategoryType = "public.app-category.food-and-drink";
				INFOPLIST_KEY_NSLocationWhenInUseUsageDescription = "現在地周辺の飲食店候補を検索して、グルメMapへ登録するために使用します。";
				INFOPLIST_KEY_UIApplicationSceneManifest_Generation = YES;
				INFOPLIST_KEY_UIApplicationSupportsIndirectInputEvents = YES;
				INFOPLIST_KEY_UILaunchScreen_Generation = YES;
				INFOPLIST_KEY_UISupportedInterfaceOrientations_iPhone = "UIInterfaceOrientationPortrait UIInterfaceOrientationLandscapeLeft UIInterfaceOrientationLandscapeRight";
				IPHONEOS_DEPLOYMENT_TARGET = 17.0;
				LD_RUNPATH_SEARCH_PATHS = (
					"$(inherited)",
					"@executable_path/Frameworks",
				);
				MARKETING_VERSION = 1.0;
				PRODUCT_BUNDLE_IDENTIFIER = com.yakinikulover.MyGourmetRanking;
				PRODUCT_NAME = "$(TARGET_NAME)";
				SUPPORTED_PLATFORMS = "iphoneos iphonesimulator";
				SUPPORTS_MACCATALYST = NO;
				SUPPORTS_MAC_DESIGNED_FOR_IPHONE_IPAD = NO;
				SWIFT_EMIT_LOC_STRINGS = YES;
				SWIFT_VERSION = 5.0;
				TARGETED_DEVICE_FAMILY = 1;
			};
			name = Debug;
		};
		7D2B7C8A2C7A4F51000100B1 /* Release */ = {
			isa = XCBuildConfiguration;
			buildSettings = {
				ASSETCATALOG_COMPILER_APPICON_NAME = AppIcon;
				ASSETCATALOG_COMPILER_GLOBAL_ACCENT_COLOR_NAME = AccentColor;
				CODE_SIGN_STYLE = Automatic;
				CURRENT_PROJECT_VERSION = 1;
				DEVELOPMENT_TEAM = NL945Q9D64;
				GENERATE_INFOPLIST_FILE = YES;
				INFOPLIST_KEY_CFBundleDisplayName = "My Gourmet Ranking";
				INFOPLIST_KEY_LSApplicationCategoryType = "public.app-category.food-and-drink";
				INFOPLIST_KEY_NSLocationWhenInUseUsageDescription = "現在地周辺の飲食店候補を検索して、グルメMapへ登録するために使用します。";
				INFOPLIST_KEY_UIApplicationSceneManifest_Generation = YES;
				INFOPLIST_KEY_UIApplicationSupportsIndirectInputEvents = YES;
				INFOPLIST_KEY_UILaunchScreen_Generation = YES;
				INFOPLIST_KEY_UISupportedInterfaceOrientations_iPhone = "UIInterfaceOrientationPortrait UIInterfaceOrientationLandscapeLeft UIInterfaceOrientationLandscapeRight";
				IPHONEOS_DEPLOYMENT_TARGET = 17.0;
				LD_RUNPATH_SEARCH_PATHS = (
					"$(inherited)",
					"@executable_path/Frameworks",
				);
				MARKETING_VERSION = 1.0;
				PRODUCT_BUNDLE_IDENTIFIER = com.yakinikulover.MyGourmetRanking;
				PRODUCT_NAME = "$(TARGET_NAME)";
				SUPPORTED_PLATFORMS = "iphoneos iphonesimulator";
				SUPPORTS_MACCATALYST = NO;
				SUPPORTS_MAC_DESIGNED_FOR_IPHONE_IPAD = NO;
				SWIFT_EMIT_LOC_STRINGS = YES;
				SWIFT_VERSION = 5.0;
				TARGETED_DEVICE_FAMILY = 1;
			};
			name = Release;
		};
/* End XCBuildConfiguration section */

/* Begin XCConfigurationList section */
		7D2B7C8A2C7A4F5100010070 /* Build configuration list for PBXNativeTarget "MyGourmetRanking" */ = {
			isa = XCConfigurationList;
			buildConfigurations = (
				7D2B7C8A2C7A4F51000100B0 /* Debug */,
				7D2B7C8A2C7A4F51000100B1 /* Release */,
			);
			defaultConfigurationIsVisible = 0;
			defaultConfigurationName = Release;
		};
		7D2B7C8A2C7A4F5100010090 /* Build configuration list for PBXProject "MyGourmetRanking" */ = {
			isa = XCConfigurationList;
			buildConfigurations = (
				7D2B7C8A2C7A4F51000100A0 /* Debug */,
				7D2B7C8A2C7A4F51000100A1 /* Release */,
			);
			defaultConfigurationIsVisible = 0;
			defaultConfigurationName = Release;
		};
/* End XCConfigurationList section */
	};
	rootObject = 7D2B7C8A2C7A4F5100010080 /* Project object */;
}
